
Microsoft Visual Studio Solution File, Format Version 12.00
# Visual Studio Version 16
VisualStudioVersion = 16.0.31729.503
MinimumVisualStudioVersion = 10.0.40219.1
Project("{9A19103F-16F7-4668-BE54-9A1E7A4F7556}") = "CalculateArea", "CalculateArea\CalculateArea.csproj", "{4F5FFB89-7510-41F9-807B-6773D2BBFC47}"
EndProject
Project("{FAE04EC0-301F-11D3-BF4B-00C04F79EFBC}") = "CalculateTests", "CalculateTests\CalculateTests.csproj", "{A9AA004D-B9A4-420D-B173-F7CBE334D8DE}"
EndProject
Global
	GlobalSection(SolutionConfigurationPlatforms) = preSolution
		Debug|Any CPU = Debug|Any CPU
		Release|Any CPU = Release|Any CPU
	EndGlobalSection
	GlobalSection(ProjectConfigurationPlatforms) = postSolution
		{4F5FFB89-7510-41F9-807B-6773D2BBFC47}.Debug|Any CPU.ActiveCfg = Debug|Any CPU
		{4F5FFB89-7510-41F9-807B-6773D2BBFC47}.Debug|Any CPU.Build.0 = Debug|Any CPU
		{4F5FFB89-7510-41F9-807B-6773D2BBFC47}.Release|Any CPU.ActiveCfg = Release|Any CPU
		{4F5FFB89-7510-41F9-807B-6773D2BBFC47}.Release|Any CPU.Build.0 = Release|Any CPU
		{A9AA004D-B9A4-420D-B173-F7CBE334D8DE}.Debug|Any CPU.ActiveCfg = Debug|Any CPU
		{A9AA004D-B9A4-420D-B173-F7CBE334D8DE}.Debug|Any CPU.Build.0 = Debug|Any CPU
		{A9AA004D-B9A4-420D-B173-F7CBE334D8DE}.Release|Any CPU.ActiveCfg = Release|Any CPU
		{A9AA004D-B9A4-420D-B173-F7CBE334D8DE}.Release|Any CPU.Build.0 = Release|Any CPU
	EndGlobalSection
	GlobalSection(SolutionProperties) = preSolution
		HideSolutionNode = FALSE
	EndGlobalSection
	GlobalSection(ExtensibilityGlobals) = postSolution
		SolutionGuid = {49C707A2-64C5-4621-ADBB-EC7421B4B4D7}
	EndGlobalSection
EndGlobal
